
Microsoft Visual Studio Solution File, Format Version 12.00
# Visual Studio Version 17
VisualStudioVersion = 17.9.34728.123
MinimumVisualStudioVersion = 10.0.40219.1
Project("{FAE04EC0-301F-11D3-BF4B-00C04F79EFBC}") = "atestat", "atestat.csproj", "{14F1E95C-749D-49A8-BE7F-42AC66138C76}"
EndProject
Global
	GlobalSection(SolutionConfigurationPlatforms) = preSolution
		Debug|Any CPU = Debug|Any CPU
		Release|Any CPU = Release|Any CPU
	EndGlobalSection
	GlobalSection(ProjectConfigurationPlatforms) = postSolution
		{14F1E95C-749D-49A8-BE7F-42AC66138C76}.Debug|Any CPU.ActiveCfg = Debug|Any CPU
		{14F1E95C-749D-49A8-BE7F-42AC66138C76}.Debug|Any CPU.Build.0 = Debug|Any CPU
		{14F1E95C-749D-49A8-BE7F-42AC66138C76}.Release|Any CPU.ActiveCfg = Release|Any CPU
		{14F1E95C-749D-49A8-BE7F-42AC66138C76}.Release|Any CPU.Build.0 = Release|Any CPU
	EndGlobalSection
	GlobalSection(SolutionProperties) = preSolution
		HideSolutionNode = FALSE
	EndGlobalSection
	GlobalSection(ExtensibilityGlobals) = postSolution
		SolutionGuid = {F9E3CFCE-BA04-4EF5-BEC6-0632EAE2120B}
	EndGlobalSection
EndGlobal
